
Microsoft Visual Studio Solution File, Format Version 12.00
# Visual Studio Version 17
VisualStudioVersion = 17.2.32519.379
MinimumVisualStudioVersion = 10.0.40219.1
Project("{9A19103F-16F7-4668-BE54-9A1E7A4F7556}") = "TambalBanAppAPI", "TambalBanAppAPI\TambalBanAppAPI.csproj", "{E07CCB7F-7EF2-4DF8-A136-44C0D7B5D7D1}"
EndProject
Global
	GlobalSection(SolutionConfigurationPlatforms) = preSolution
		Debug|Any CPU = Debug|Any CPU
		Release|Any CPU = Release|Any CPU
	EndGlobalSection
	GlobalSection(ProjectConfigurationPlatforms) = postSolution
		{E07CCB7F-7EF2-4DF8-A136-44C0D7B5D7D1}.Debug|Any CPU.ActiveCfg = Debug|Any CPU
		{E07CCB7F-7EF2-4DF8-A136-44C0D7B5D7D1}.Debug|Any CPU.Build.0 = Debug|Any CPU
		{E07CCB7F-7EF2-4DF8-A136-44C0D7B5D7D1}.Release|Any CPU.ActiveCfg = Release|Any CPU
		{E07CCB7F-7EF2-4DF8-A136-44C0D7B5D7D1}.Release|Any CPU.Build.0 = Release|Any CPU
	EndGlobalSection
	GlobalSection(SolutionProperties) = preSolution
		HideSolutionNode = FALSE
	EndGlobalSection
	GlobalSection(ExtensibilityGlobals) = postSolution
		SolutionGuid = {21A64A11-4225-4982-B970-6C462C97197A}
	EndGlobalSection
EndGlobal
